
Microsoft Visual Studio Solution File, Format Version 12.00
# Visual Studio Version 16
VisualStudioVersion = 16.0.31321.278
MinimumVisualStudioVersion = 10.0.40219.1
Project("{FAE04EC0-301F-11D3-BF4B-00C04F79EFBC}") = "MvcAzureTables", "MvcAzureTables\MvcAzureTables.csproj", "{7069AB36-B67C-466C-BDA7-5E43B08990B1}"
EndProject
Global
	GlobalSection(SolutionConfigurationPlatforms) = preSolution
		Debug|Any CPU = Debug|Any CPU
		Release|Any CPU = Release|Any CPU
	EndGlobalSection
	GlobalSection(ProjectConfigurationPlatforms) = postSolution
		{7069AB36-B67C-466C-BDA7-5E43B08990B1}.Debug|Any CPU.ActiveCfg = Debug|Any CPU
		{7069AB36-B67C-466C-BDA7-5E43B08990B1}.Debug|Any CPU.Build.0 = Debug|Any CPU
		{7069AB36-B67C-466C-BDA7-5E43B08990B1}.Release|Any CPU.ActiveCfg = Release|Any CPU
		{7069AB36-B67C-466C-BDA7-5E43B08990B1}.Release|Any CPU.Build.0 = Release|Any CPU
	EndGlobalSection
	GlobalSection(SolutionProperties) = preSolution
		HideSolutionNode = FALSE
	EndGlobalSection
	GlobalSection(ExtensibilityGlobals) = postSolution
		SolutionGuid = {8E01DFC3-BD36-4211-9418-06AF2492C566}
	EndGlobalSection
EndGlobal
